
Microsoft Visual Studio Solution File, Format Version 12.00
# Visual Studio Version 16
VisualStudioVersion = 16.0.29102.190
MinimumVisualStudioVersion = 10.0.40219.1
Project("{FAE04EC0-301F-11D3-BF4B-00C04F79EFBC}") = "MIS2020", "MIS2020.csproj", "{EA8F0D4B-FCD3-4C02-8CB2-71E58EB09942}"
EndProject
Project("{FAE04EC0-301F-11D3-BF4B-00C04F79EFBC}") = "DBClassLibrary", "..\DBClassLibrary\DBClassLibrary.csproj", "{B6018C76-8009-4FAD-A3A6-4FF6D5F6CE6D}"
EndProject
Global
	GlobalSection(SolutionConfigurationPlatforms) = preSolution
		Debug|Any CPU = Debug|Any CPU
		Release|Any CPU = Release|Any CPU
	EndGlobalSection
	GlobalSection(ProjectConfigurationPlatforms) = postSolution
		{EA8F0D4B-FCD3-4C02-8CB2-71E58EB09942}.Debug|Any CPU.ActiveCfg = Debug|Any CPU
		{EA8F0D4B-FCD3-4C02-8CB2-71E58EB09942}.Debug|Any CPU.Build.0 = Debug|Any CPU
		{EA8F0D4B-FCD3-4C02-8CB2-71E58EB09942}.Release|Any CPU.ActiveCfg = Release|Any CPU
		{EA8F0D4B-FCD3-4C02-8CB2-71E58EB09942}.Release|Any CPU.Build.0 = Release|Any CPU
		{B6018C76-8009-4FAD-A3A6-4FF6D5F6CE6D}.Debug|Any CPU.ActiveCfg = Debug|Any CPU
		{B6018C76-8009-4FAD-A3A6-4FF6D5F6CE6D}.Debug|Any CPU.Build.0 = Debug|Any CPU
		{B6018C76-8009-4FAD-A3A6-4FF6D5F6CE6D}.Release|Any CPU.ActiveCfg = Release|Any CPU
		{B6018C76-8009-4FAD-A3A6-4FF6D5F6CE6D}.Release|Any CPU.Build.0 = Release|Any CPU
	EndGlobalSection
	GlobalSection(SolutionProperties) = preSolution
		HideSolutionNode = FALSE
	EndGlobalSection
	GlobalSection(ExtensibilityGlobals) = postSolution
		SolutionGuid = {470EDA5E-26EB-4C3D-9889-40B675950257}
	EndGlobalSection
EndGlobal
